<?xml version="1.0" encoding="utf-8"?>
<Project ToolsVersion="4.0" xmlns="http://schemas.microsoft.com/developer/msbuild/2003">
  <ItemGroup>
    <Filter Include="Source Files">
      <UniqueIdentifier>{4ebad6d1-8afe-4094-bd64-d208138b8acf}</UniqueIdentifier>
      <Extensions>cpp;c;cxx;rc;def;r;odl;idl;hpj;bat</Extensions>
    </Filter>
    <Filter Include="Header Files">
      <UniqueIdentifier>{e5676ad6-8129-40d1-80dc-3753c93fd7aa}</UniqueIdentifier>
      <Extensions>h;hpp;hxx;hm;inl</Extensions>
    </Filter>
    <Filter Include="Resource Files">
      <UniqueIdentifier>{c40d8a71-30d3-4aba-b210-9d91af71a88f}</UniqueIdentifier>
      <Extensions>ico;cur;bmp;dlg;rc2;rct;bin;rgs;gif;jpg;jpeg;jpe</Extensions>
    </Filter>
  </ItemGroup>
  <ItemGroup>
    <ClCompile Include="access.cpp">
      <Filter>Source Files</Filter>
    </ClCompile>
    <ClCompile Include="ballfre.cpp">
      <Filter>Source Files</Filter>
    </ClCompile>
    <ClCompile Include="close.cpp">
      <Filter>Source Files</Filter>
    </ClCompile>
    <ClCompile Include="creat.cpp">
      <Filter>Source Files</Filter>
    </ClCompile>
    <ClCompile Include="delete.cpp">
      <Filter>Source Files</Filter>
    </ClCompile>
    <ClCompile Include="dir.cpp">
      <Filter>Source Files</Filter>
    </ClCompile>
    <ClCompile Include="format.cpp">
      <Filter>Source Files</Filter>
    </ClCompile>
    <ClCompile Include="halt.cpp">
      <Filter>Source Files</Filter>
    </ClCompile>
    <ClCompile Include="iallfre.cpp">
      <Filter>Source Files</Filter>
    </ClCompile>
    <ClCompile Include="igetput.cpp">
      <Filter>Source Files</Filter>
    </ClCompile>
    <ClCompile Include="install.cpp">
      <Filter>Source Files</Filter>
    </ClCompile>
    <ClCompile Include="log.cpp">
      <Filter>Source Files</Filter>
    </ClCompile>
    <ClCompile Include="main.cpp">
      <Filter>Source Files</Filter>
    </ClCompile>
    <ClCompile Include="name.cpp">
      <Filter>Source Files</Filter>
    </ClCompile>
    <ClCompile Include="open.cpp">
      <Filter>Source Files</Filter>
    </ClCompile>
    <ClCompile Include="rdwt.cpp">
      <Filter>Source Files</Filter>
    </ClCompile>
    <ClCompile Include="shell.cpp">
      <Filter>Source Files</Filter>
    </ClCompile>
  </ItemGroup>
  <ItemGroup>
    <ClInclude Include="filesys.h">
      <Filter>Header Files</Filter>
    </ClInclude>
  </ItemGroup>
</Project>